
Microsoft Visual Studio Solution File, Format Version 12.00
# Visual Studio Version 17
VisualStudioVersion = 17.11.35222.181
MinimumVisualStudioVersion = 10.0.40219.1
Project("{FAE04EC0-301F-11D3-BF4B-00C04F79EFBC}") = "IsPrimitive", "IsPrimitive\IsPrimitive.csproj", "{7840D5D2-659E-401C-A679-17EAE219574F}"
EndProject
Project("{9A19103F-16F7-4668-BE54-9A1E7A4F7556}") = "TurDonusumleri", "TurDonusumleri\TurDonusumleri.csproj", "{3031B503-3782-4DBE-AF9C-9267AC235BE4}"
EndProject
Project("{9A19103F-16F7-4668-BE54-9A1E7A4F7556}") = "Operatörler", "Operatörler\Operatörler.csproj", "{92597999-5243-4004-905E-10C0CDFD5C97}"
EndProject
Project("{9A19103F-16F7-4668-BE54-9A1E7A4F7556}") = "SwitchCase", "SwitchCase\SwitchCase.csproj", "{5DE7E7E4-043C-47DA-B1A7-21B69A70BC97}"
EndProject
Project("{FAE04EC0-301F-11D3-BF4B-00C04F79EFBC}") = "if", "if\if.csproj", "{592FD5D8-7C47-44C1-867C-52C329FDAA29}"
EndProject
Global
	GlobalSection(SolutionConfigurationPlatforms) = preSolution
		Debug|Any CPU = Debug|Any CPU
		Release|Any CPU = Release|Any CPU
	EndGlobalSection
	GlobalSection(ProjectConfigurationPlatforms) = postSolution
		{7840D5D2-659E-401C-A679-17EAE219574F}.Debug|Any CPU.ActiveCfg = Debug|Any CPU
		{7840D5D2-659E-401C-A679-17EAE219574F}.Debug|Any CPU.Build.0 = Debug|Any CPU
		{7840D5D2-659E-401C-A679-17EAE219574F}.Release|Any CPU.ActiveCfg = Release|Any CPU
		{7840D5D2-659E-401C-A679-17EAE219574F}.Release|Any CPU.Build.0 = Release|Any CPU
		{3031B503-3782-4DBE-AF9C-9267AC235BE4}.Debug|Any CPU.ActiveCfg = Debug|Any CPU
		{3031B503-3782-4DBE-AF9C-9267AC235BE4}.Debug|Any CPU.Build.0 = Debug|Any CPU
		{3031B503-3782-4DBE-AF9C-9267AC235BE4}.Release|Any CPU.ActiveCfg = Release|Any CPU
		{3031B503-3782-4DBE-AF9C-9267AC235BE4}.Release|Any CPU.Build.0 = Release|Any CPU
		{92597999-5243-4004-905E-10C0CDFD5C97}.Debug|Any CPU.ActiveCfg = Debug|Any CPU
		{92597999-5243-4004-905E-10C0CDFD5C97}.Debug|Any CPU.Build.0 = Debug|Any CPU
		{92597999-5243-4004-905E-10C0CDFD5C97}.Release|Any CPU.ActiveCfg = Release|Any CPU
		{92597999-5243-4004-905E-10C0CDFD5C97}.Release|Any CPU.Build.0 = Release|Any CPU
		{5DE7E7E4-043C-47DA-B1A7-21B69A70BC97}.Debug|Any CPU.ActiveCfg = Debug|Any CPU
		{5DE7E7E4-043C-47DA-B1A7-21B69A70BC97}.Debug|Any CPU.Build.0 = Debug|Any CPU
		{5DE7E7E4-043C-47DA-B1A7-21B69A70BC97}.Release|Any CPU.ActiveCfg = Release|Any CPU
		{5DE7E7E4-043C-47DA-B1A7-21B69A70BC97}.Release|Any CPU.Build.0 = Release|Any CPU
		{592FD5D8-7C47-44C1-867C-52C329FDAA29}.Debug|Any CPU.ActiveCfg = Debug|Any CPU
		{592FD5D8-7C47-44C1-867C-52C329FDAA29}.Debug|Any CPU.Build.0 = Debug|Any CPU
		{592FD5D8-7C47-44C1-867C-52C329FDAA29}.Release|Any CPU.ActiveCfg = Release|Any CPU
		{592FD5D8-7C47-44C1-867C-52C329FDAA29}.Release|Any CPU.Build.0 = Release|Any CPU
	EndGlobalSection
	GlobalSection(SolutionProperties) = preSolution
		HideSolutionNode = FALSE
	EndGlobalSection
	GlobalSection(ExtensibilityGlobals) = postSolution
		SolutionGuid = {631842FD-119F-41B3-A2C8-CE4EEA282B0D}
	EndGlobalSection
EndGlobal
