
Microsoft Visual Studio Solution File, Format Version 12.00
# Visual Studio Version 17
VisualStudioVersion = 17.11.35222.181
MinimumVisualStudioVersion = 10.0.40219.1
Project("{FAE04EC0-301F-11D3-BF4B-00C04F79EFBC}") = "IsPrimitive", "IsPrimitive\IsPrimitive.csproj", "{7840D5D2-659E-401C-A679-17EAE219574F}"
EndProject
Project("{FAE04EC0-301F-11D3-BF4B-00C04F79EFBC}") = "TurDonusumleri", "TurDonusumleri\TurDonusumleri.csproj", "{3031B503-3782-4DBE-AF9C-9267AC235BE4}"
EndProject
Global
	GlobalSection(SolutionConfigurationPlatforms) = preSolution
		Debug|Any CPU = Debug|Any CPU
		Release|Any CPU = Release|Any CPU
	EndGlobalSection
	GlobalSection(ProjectConfigurationPlatforms) = postSolution
		{7840D5D2-659E-401C-A679-17EAE219574F}.Debug|Any CPU.ActiveCfg = Debug|Any CPU
		{7840D5D2-659E-401C-A679-17EAE219574F}.Debug|Any CPU.Build.0 = Debug|Any CPU
		{7840D5D2-659E-401C-A679-17EAE219574F}.Release|Any CPU.ActiveCfg = Release|Any CPU
		{7840D5D2-659E-401C-A679-17EAE219574F}.Release|Any CPU.Build.0 = Release|Any CPU
		{3031B503-3782-4DBE-AF9C-9267AC235BE4}.Debug|Any CPU.ActiveCfg = Debug|Any CPU
		{3031B503-3782-4DBE-AF9C-9267AC235BE4}.Debug|Any CPU.Build.0 = Debug|Any CPU
		{3031B503-3782-4DBE-AF9C-9267AC235BE4}.Release|Any CPU.ActiveCfg = Release|Any CPU
		{3031B503-3782-4DBE-AF9C-9267AC235BE4}.Release|Any CPU.Build.0 = Release|Any CPU
	EndGlobalSection
	GlobalSection(SolutionProperties) = preSolution
		HideSolutionNode = FALSE
	EndGlobalSection
	GlobalSection(ExtensibilityGlobals) = postSolution
		SolutionGuid = {631842FD-119F-41B3-A2C8-CE4EEA282B0D}
	EndGlobalSection
EndGlobal
