
Microsoft Visual Studio Solution File, Format Version 12.00
# Visual Studio Version 17
VisualStudioVersion = 17.11.35222.181
MinimumVisualStudioVersion = 10.0.40219.1
Project("{FAE04EC0-301F-11D3-BF4B-00C04F79EFBC}") = "IsPrimitive", "IsPrimitive\IsPrimitive.csproj", "{7840D5D2-659E-401C-A679-17EAE219574F}"
EndProject
Project("{9A19103F-16F7-4668-BE54-9A1E7A4F7556}") = "TurDonusumleri", "TurDonusumleri\TurDonusumleri.csproj", "{3031B503-3782-4DBE-AF9C-9267AC235BE4}"
EndProject
Project("{9A19103F-16F7-4668-BE54-9A1E7A4F7556}") = "Operatörler", "Operatörler\Operatörler.csproj", "{92597999-5243-4004-905E-10C0CDFD5C97}"
EndProject
Project("{9A19103F-16F7-4668-BE54-9A1E7A4F7556}") = "SwitchCase", "SwitchCase\SwitchCase.csproj", "{5DE7E7E4-043C-47DA-B1A7-21B69A70BC97}"
EndProject
Project("{9A19103F-16F7-4668-BE54-9A1E7A4F7556}") = "if", "if\if.csproj", "{592FD5D8-7C47-44C1-867C-52C329FDAA29}"
EndProject
Project("{9A19103F-16F7-4668-BE54-9A1E7A4F7556}") = "PatternMatching", "PatternMatching\PatternMatching.csproj", "{7180F8AC-36D3-4241-8824-D071683C753C}"
EndProject
Project("{9A19103F-16F7-4668-BE54-9A1E7A4F7556}") = "HataKontrolMekanizmasi", "HataKontrolMekanizmasi\HataKontrolMekanizmasi.csproj", "{C2DCE279-E37B-40D6-800C-951CC67E0F38}"
EndProject
Project("{9A19103F-16F7-4668-BE54-9A1E7A4F7556}") = "Donguler", "Donguler\Donguler.csproj", "{9C4281E7-3F41-4100-A1B6-B6FD82938BF7}"
EndProject
Project("{9A19103F-16F7-4668-BE54-9A1E7A4F7556}") = "Keywords", "Keywords\Keywords.csproj", "{A022FFA7-8067-46DC-8CED-4F1BB489FC35}"
EndProject
Project("{9A19103F-16F7-4668-BE54-9A1E7A4F7556}") = "YardimciManevraKomutlari", "YardimciManevraKomutlari\YardimciManevraKomutlari.csproj", "{C7B0DC67-1A01-4855-B2B4-39056847575F}"
EndProject
Project("{FAE04EC0-301F-11D3-BF4B-00C04F79EFBC}") = "Diziler", "Diziler\Diziler.csproj", "{166A9767-921B-4402-971B-2A90A4BD439B}"
EndProject
Global
	GlobalSection(SolutionConfigurationPlatforms) = preSolution
		Debug|Any CPU = Debug|Any CPU
		Release|Any CPU = Release|Any CPU
	EndGlobalSection
	GlobalSection(ProjectConfigurationPlatforms) = postSolution
		{7840D5D2-659E-401C-A679-17EAE219574F}.Debug|Any CPU.ActiveCfg = Debug|Any CPU
		{7840D5D2-659E-401C-A679-17EAE219574F}.Debug|Any CPU.Build.0 = Debug|Any CPU
		{7840D5D2-659E-401C-A679-17EAE219574F}.Release|Any CPU.ActiveCfg = Release|Any CPU
		{7840D5D2-659E-401C-A679-17EAE219574F}.Release|Any CPU.Build.0 = Release|Any CPU
		{3031B503-3782-4DBE-AF9C-9267AC235BE4}.Debug|Any CPU.ActiveCfg = Debug|Any CPU
		{3031B503-3782-4DBE-AF9C-9267AC235BE4}.Debug|Any CPU.Build.0 = Debug|Any CPU
		{3031B503-3782-4DBE-AF9C-9267AC235BE4}.Release|Any CPU.ActiveCfg = Release|Any CPU
		{3031B503-3782-4DBE-AF9C-9267AC235BE4}.Release|Any CPU.Build.0 = Release|Any CPU
		{92597999-5243-4004-905E-10C0CDFD5C97}.Debug|Any CPU.ActiveCfg = Debug|Any CPU
		{92597999-5243-4004-905E-10C0CDFD5C97}.Debug|Any CPU.Build.0 = Debug|Any CPU
		{92597999-5243-4004-905E-10C0CDFD5C97}.Release|Any CPU.ActiveCfg = Release|Any CPU
		{92597999-5243-4004-905E-10C0CDFD5C97}.Release|Any CPU.Build.0 = Release|Any CPU
		{5DE7E7E4-043C-47DA-B1A7-21B69A70BC97}.Debug|Any CPU.ActiveCfg = Debug|Any CPU
		{5DE7E7E4-043C-47DA-B1A7-21B69A70BC97}.Debug|Any CPU.Build.0 = Debug|Any CPU
		{5DE7E7E4-043C-47DA-B1A7-21B69A70BC97}.Release|Any CPU.ActiveCfg = Release|Any CPU
		{5DE7E7E4-043C-47DA-B1A7-21B69A70BC97}.Release|Any CPU.Build.0 = Release|Any CPU
		{592FD5D8-7C47-44C1-867C-52C329FDAA29}.Debug|Any CPU.ActiveCfg = Debug|Any CPU
		{592FD5D8-7C47-44C1-867C-52C329FDAA29}.Debug|Any CPU.Build.0 = Debug|Any CPU
		{592FD5D8-7C47-44C1-867C-52C329FDAA29}.Release|Any CPU.ActiveCfg = Release|Any CPU
		{592FD5D8-7C47-44C1-867C-52C329FDAA29}.Release|Any CPU.Build.0 = Release|Any CPU
		{7180F8AC-36D3-4241-8824-D071683C753C}.Debug|Any CPU.ActiveCfg = Debug|Any CPU
		{7180F8AC-36D3-4241-8824-D071683C753C}.Debug|Any CPU.Build.0 = Debug|Any CPU
		{7180F8AC-36D3-4241-8824-D071683C753C}.Release|Any CPU.ActiveCfg = Release|Any CPU
		{7180F8AC-36D3-4241-8824-D071683C753C}.Release|Any CPU.Build.0 = Release|Any CPU
		{C2DCE279-E37B-40D6-800C-951CC67E0F38}.Debug|Any CPU.ActiveCfg = Debug|Any CPU
		{C2DCE279-E37B-40D6-800C-951CC67E0F38}.Debug|Any CPU.Build.0 = Debug|Any CPU
		{C2DCE279-E37B-40D6-800C-951CC67E0F38}.Release|Any CPU.ActiveCfg = Release|Any CPU
		{C2DCE279-E37B-40D6-800C-951CC67E0F38}.Release|Any CPU.Build.0 = Release|Any CPU
		{9C4281E7-3F41-4100-A1B6-B6FD82938BF7}.Debug|Any CPU.ActiveCfg = Debug|Any CPU
		{9C4281E7-3F41-4100-A1B6-B6FD82938BF7}.Debug|Any CPU.Build.0 = Debug|Any CPU
		{9C4281E7-3F41-4100-A1B6-B6FD82938BF7}.Release|Any CPU.ActiveCfg = Release|Any CPU
		{9C4281E7-3F41-4100-A1B6-B6FD82938BF7}.Release|Any CPU.Build.0 = Release|Any CPU
		{A022FFA7-8067-46DC-8CED-4F1BB489FC35}.Debug|Any CPU.ActiveCfg = Debug|Any CPU
		{A022FFA7-8067-46DC-8CED-4F1BB489FC35}.Debug|Any CPU.Build.0 = Debug|Any CPU
		{A022FFA7-8067-46DC-8CED-4F1BB489FC35}.Release|Any CPU.ActiveCfg = Release|Any CPU
		{A022FFA7-8067-46DC-8CED-4F1BB489FC35}.Release|Any CPU.Build.0 = Release|Any CPU
		{C7B0DC67-1A01-4855-B2B4-39056847575F}.Debug|Any CPU.ActiveCfg = Debug|Any CPU
		{C7B0DC67-1A01-4855-B2B4-39056847575F}.Debug|Any CPU.Build.0 = Debug|Any CPU
		{C7B0DC67-1A01-4855-B2B4-39056847575F}.Release|Any CPU.ActiveCfg = Release|Any CPU
		{C7B0DC67-1A01-4855-B2B4-39056847575F}.Release|Any CPU.Build.0 = Release|Any CPU
		{166A9767-921B-4402-971B-2A90A4BD439B}.Debug|Any CPU.ActiveCfg = Debug|Any CPU
		{166A9767-921B-4402-971B-2A90A4BD439B}.Debug|Any CPU.Build.0 = Debug|Any CPU
		{166A9767-921B-4402-971B-2A90A4BD439B}.Release|Any CPU.ActiveCfg = Release|Any CPU
		{166A9767-921B-4402-971B-2A90A4BD439B}.Release|Any CPU.Build.0 = Release|Any CPU
	EndGlobalSection
	GlobalSection(SolutionProperties) = preSolution
		HideSolutionNode = FALSE
	EndGlobalSection
	GlobalSection(ExtensibilityGlobals) = postSolution
		SolutionGuid = {631842FD-119F-41B3-A2C8-CE4EEA282B0D}
	EndGlobalSection
EndGlobal
